
Microsoft Visual Studio Solution File, Format Version 12.00
# Visual Studio Version 17
VisualStudioVersion = 17.13.35913.81
MinimumVisualStudioVersion = 10.0.40219.1
Project("{8BC9CEB8-8B4A-11D0-8D11-00A0C91BC942}") = "ChangeRefreshRate", "ChangeRefreshRate.vcxproj", "{D09F960E-C99D-4EA5-808E-36C91587349F}"
EndProject
Global
	GlobalSection(SolutionConfigurationPlatforms) = preSolution
		Debug|x64 = Debug|x64
		Debug|x86 = Debug|x86
		Release|x64 = Release|x64
		Release|x86 = Release|x86
	EndGlobalSection
	GlobalSection(ProjectConfigurationPlatforms) = postSolution
		{D09F960E-C99D-4EA5-808E-36C91587349F}.Debug|x64.ActiveCfg = Debug|x64
		{D09F960E-C99D-4EA5-808E-36C91587349F}.Debug|x64.Build.0 = Debug|x64
		{D09F960E-C99D-4EA5-808E-36C91587349F}.Debug|x86.ActiveCfg = Release|Win32
		{D09F960E-C99D-4EA5-808E-36C91587349F}.Debug|x86.Build.0 = Release|Win32
		{D09F960E-C99D-4EA5-808E-36C91587349F}.Release|x64.ActiveCfg = Release|x64
		{D09F960E-C99D-4EA5-808E-36C91587349F}.Release|x64.Build.0 = Release|x64
		{D09F960E-C99D-4EA5-808E-36C91587349F}.Release|x86.ActiveCfg = Release|Win32
		{D09F960E-C99D-4EA5-808E-36C91587349F}.Release|x86.Build.0 = Release|Win32
	EndGlobalSection
	GlobalSection(SolutionProperties) = preSolution
		HideSolutionNode = FALSE
	EndGlobalSection
	GlobalSection(ExtensibilityGlobals) = postSolution
		SolutionGuid = {7B7CF1F3-1F9A-481C-8F9D-06D727F711C1}
	EndGlobalSection
EndGlobal
